{
    "_meta": {
        "hash": {
            "sha256": "109e7e91838f7f8e2e0e1bb01fc9ce7860bb18bc1f5d7e5a0b12a718778b3662"
        },
        "pipfile-spec": 6,
        "requires": {
            "python_version": "3.5"
        },
        "sources": [
            {
                "name": "pypi",
                "url": "https://pypi.org/simple",
                "verify_ssl": true
            }
        ]
    },
    "default": {
        "absl-py": {
            "hashes": [
                "sha256:b943d1c567743ed0455878fcd60bc28ac9fae38d129d1ccfad58079da00b8951"
            ],
            "version": "==0.7.1"
        },
        "astor": {
            "hashes": [
                "sha256:95c30d87a6c2cf89aa628b87398466840f0ad8652f88eb173125a6df8533fb8d",
                "sha256:fb503b9e2fdd05609fbf557b916b4a7824171203701660f0c55bbf5a7a68713e"
            ],
            "version": "==0.7.1"
        },
        "click": {
            "hashes": [
                "sha256:2335065e6395b9e67ca716de5f7526736bfa6ceead690adf616d925bdc622b13",
                "sha256:5b94b49521f6456670fdb30cd82a4eca9412788a93fa6dd6df72c94d5a8ff2d7"
            ],
            "version": "==7.0"
        },
        "cycler": {
            "hashes": [
                "sha256:1d8a5ae1ff6c5cf9b93e8811e581232ad8920aeec647c37316ceac982b08cb2d",
                "sha256:cd7b2d1018258d7247a71425e9f26463dfb444d411c39569972f4ce586b0c9d8"
            ],
            "version": "==0.10.0"
        },
        "decorator": {
            "hashes": [
                "sha256:86156361c50488b84a3f148056ea716ca587df2f0de1d34750d35c21312725de",
                "sha256:f069f3a01830ca754ba5258fde2278454a0b5b79e0d7f5c13b3b97e57d4acff6"
            ],
            "version": "==4.4.0"
        },
        "dlib": {
            "hashes": [
                "sha256:92587c81b0165e933593f505fdf099dface0d0f8ec874b1d8655fc774598911f"
            ],
            "version": "==19.17.0"
        },
        "face-recognition": {
            "hashes": [
                "sha256:08c41397d3b899ed5b4a801646abd20935a2610ac4ba8643173db0aef6372f21",
                "sha256:a03eb709d1280bc3ca648add274ff741761b4c56f5317167252fc90cb519eda1"
            ],
            "index": "pypi",
            "version": "==1.2.3"
        },
        "face-recognition-models": {
            "hashes": [
                "sha256:b79bd200a88c87c9a9d446c990ae71c5a626d1f3730174e6d570157ff1d896cf"
            ],
            "version": "==0.3.0"
        },
        "gast": {
            "hashes": [
                "sha256:fe939df4583692f0512161ec1c880e0a10e71e6a232da045ab8edd3756fbadf0"
            ],
            "version": "==0.2.2"
        },
        "grpcio": {
            "hashes": [
                "sha256:07c7f7b251b26ef94e29d2c19245e34d4d05897325a289b31de3b6a5e16fbd6c",
                "sha256:2ddbca16c2e7b3f2ffc6e34c7cfa6886fb01de9f156ad3f77b72ad652d632097",
                "sha256:30d84f9684b4c81ee37906bb303a84435948c2dd3db55d3ef38f8daf28bc6ea3",
                "sha256:316e6c79fb1585b23ae100ee26f6ffefa91a21e4d39588fa42efadd7f20c7225",
                "sha256:400abff9a772351fff72d5698c8758b837bec3d7f4ed93de70bae744d8f63f53",
                "sha256:4ed90a256f6f8690b5c95b9d4f2e9fe6513628f3674e9068e10637e50c2f93d6",
                "sha256:51fd87ff610ca2f483c668c3fa7f70d479bffb3c14805d2065b51194edea5e26",
                "sha256:5569aba69041530e04eff3d40536027db8851f4e11e6282849b9fc5b1855075d",
                "sha256:566b752e36cdcd5a4d38f292aca4c8e3095f13cfe82606e010d67749cacba341",
                "sha256:5817f970fbfed72a6203ff96349e796d8f6ff3ce85b58af241c4a14190d9f4d1",
                "sha256:5a97bb5a4af16f840f1211dbe66d61592f02110f286d96e67bf6006d7f96aab7",
                "sha256:5d57e41c913152b215eda070955b3544bdf20ed2327e5e5eed3005186220ebd0",
                "sha256:6cec17145978cef3d20093cdc05e88da597ce05076db566a66a35b9c55d416a3",
                "sha256:6ef7ab9b6ba09ce087ddb3b27f12504f50efdbf5d319b8b23173478765452301",
                "sha256:756c0d65e4ebce1c47787dbb48955864f2a768e1df76902f33d3e4062c209f3e",
                "sha256:828d13f0edd27f452af7fc23093c8a2d63d8fbd92595dbd0f698c78b13af9bdb",
                "sha256:8cf02c4e07520be61ad8b59b0043771ef2af666cb73066516eabfee562a28df4",
                "sha256:919dfe84d22ce2e2ae81d82238586d7c2a86714fb0b6cf9b437e336851e3c32d",
                "sha256:b04a061280b06cdc4e68c4147a0f46b98c395cf62f0c6df4fa2a30a083cdc333",
                "sha256:b2dbe7d2f9685bdbb4415f8e475dd96b1b1776193b7286705f90490c3f039037",
                "sha256:b60df7cbc3e77c39d5befe6a1e6e4213f3ca683d743ff7c1622b1d4412245a55",
                "sha256:b740681332b5a042b9e22246a3cdbfc3d644cf73d38e117f20ad9d8deab8f1a5",
                "sha256:ba434873945d5d4542589674cb60c43a1cf76b2b5f0c0f759aa76d499055722f",
                "sha256:bcb44cd53beccc92c730254ad3d50715b67a7432e693961b566d982f759b1787",
                "sha256:be1cbb6cad1d4242e3aaa4143eabcfbf383358f6c8e9951be2c497b65561b075",
                "sha256:c4e38326fcab5c52fd1a8c8e0f908bfe830629a5ffc60793ec5545ef913d62d2",
                "sha256:d03c0524d5953568f74269e0faebb1e880ba9f36ca8c773be397087c35bd8188",
                "sha256:ea897ffa80276565acdd92349ef82a768db0e3327aacd4aec82f79ca10989689",
                "sha256:edc50e8bcd10b165f34c3cf3e1d4f97e9c71b165b85a85b91cf3444000a17692",
                "sha256:f96a2e97df522b50da9cb3795f08199b110ceab4146bf70ea7f6a3a0213786cc",
                "sha256:fadb649a69e3b08e01f090c24f0c8cccc122e92c362c1a1727b695a63be8416b",
                "sha256:fbe4360ff1689a9753cbf1b27dad11e683d39117a32a64372a7c95c6abc81b81"
            ],
            "version": "==1.19.0"
        },
        "h5py": {
            "hashes": [
                "sha256:05750b91640273c69989c657eaac34b091abdd75efc8c4824c82aaf898a2da0a",
                "sha256:082a27208aa3a2286e7272e998e7e225b2a7d4b7821bd840aebf96d50977abbb",
                "sha256:08e2e8297195f9e813e894b6c63f79372582787795bba2014a2db6a2de95f713",
                "sha256:0dd2adeb2e9de5081eb8dcec88874e7fd35dae9a21557be3a55a3c7d491842a4",
                "sha256:0f94de7a10562b991967a66bbe6dda9808e18088676834c0a4dcec3fdd3bcc6f",
                "sha256:106e42e2e01e486a3d32eeb9ba0e3a7f65c12fa8998d63625fa41fb8bdc44cdb",
                "sha256:1606c66015f04719c41a9863c156fc0e6b992150de21c067444bcb82e7d75579",
                "sha256:1854c4beff9961e477e133143c5e5e355dac0b3ebf19c52cf7cc1b1ef757703c",
                "sha256:1e9fb6f1746500ea91a00193ce2361803c70c6b13f10aae9a33ad7b5bd28e800",
                "sha256:2cca17e80ddb151894333377675db90cd0279fa454776e0a4f74308376afd050",
                "sha256:30e365e8408759db3778c361f1e4e0fe8e98a875185ae46c795a85e9bafb9cdf",
                "sha256:3206bac900e16eda81687d787086f4ffd4f3854980d798e191a9868a6510c3ae",
                "sha256:3c23d72058647cee19b30452acc7895621e2de0a0bd5b8a1e34204b9ea9ed43c",
                "sha256:407b5f911a83daa285bbf1ef78a9909ee5957f257d3524b8606be37e8643c5f0",
                "sha256:4162953714a9212d373ac953c10e3329f1e830d3c7473f2a2e4f25dd6241eef0",
                "sha256:5fc7aba72a51b2c80605eba1c50dbf84224dcd206279d30a75c154e5652e1fe4",
                "sha256:713ac19307e11de4d9833af0c4bd6778bde0a3d967cafd2f0f347223711c1e31",
                "sha256:71b946d80ef3c3f12db157d7778b1fe74a517ca85e94809358b15580983c2ce2",
                "sha256:8cc4aed71e20d87e0a6f02094d718a95252f11f8ed143bc112d22167f08d4040",
                "sha256:9d41ca62daf36d6b6515ab8765e4c8c4388ee18e2a665701fef2b41563821002",
                "sha256:a744e13b000f234cd5a5b2a1f95816b819027c57f385da54ad2b7da1adace2f3",
                "sha256:b087ee01396c4b34e9dc41e3a6a0442158206d383c19c7d0396d52067b17c1cb",
                "sha256:b0f03af381d33306ce67d18275b61acb4ca111ced645381387a02c8a5ee1b796",
                "sha256:b9e4b8dfd587365bdd719ae178fa1b6c1231f81280b1375eef8626dfd8761bf3",
                "sha256:c5dd4ec75985b99166c045909e10f0534704d102848b1d9f0992720e908928e7",
                "sha256:d2b82f23cd862a9d05108fe99967e9edfa95c136f532a71cb3d28dc252771f50",
                "sha256:e58a25764472af07b7e1c4b10b0179c8ea726446c7141076286e41891bf3a563",
                "sha256:f3b49107fbfc77333fc2b1ef4d5de2abcd57e7ea3a1482455229494cf2da56ce"
            ],
            "index": "pypi",
            "version": "==2.9.0"
        },
        "imageio": {
            "hashes": [
                "sha256:1a2bbbb7cd38161340fa3b14d806dfbf914abf3ee6fd4592af2afb87d049f209",
                "sha256:42e65aadfc3d57a1043615c92bdf6319b67589e49a0aae2b985b82144aceacad"
            ],
            "version": "==2.5.0"
        },
        "joblib": {
            "hashes": [
                "sha256:21e0c34a69ad7fde4f2b1f3402290e9ec46f545f15f1541c582edfe05d87b63a",
                "sha256:315d6b19643ec4afd4c41c671f9f2d65ea9d787da093487a81ead7b0bac94524"
            ],
            "index": "pypi",
            "version": "==0.13.2"
        },
        "keras": {
            "hashes": [
                "sha256:794d0c92c6c4122f1f0fcf3a7bc2f49054c6a54ddbef8d8ffafca62795d760b6",
                "sha256:90b610a3dbbf6d257b20a079eba3fdf2eed2158f64066a7c6f7227023fd60bc9"
            ],
            "index": "pypi",
            "version": "==2.2.4"
        },
        "keras-applications": {
            "hashes": [
                "sha256:60607b2b98868983e5153bf1cc6aa468ba73adc93bc977a90edaa4bc595e69fa",
                "sha256:94b8acc84fb8b1e3d752e20ed4cafa8377c9ecf6e6c1aa09942d959dc02e439a"
            ],
            "version": "==1.0.7"
        },
        "keras-preprocessing": {
            "hashes": [
                "sha256:0170b799a7562f80ad7931d22d56de22cf4bdd502e11c48f31a46380137a70a8",
                "sha256:5e3700117981c2db762e512ed6586638124fac5842170701628088a11aeb51ac"
            ],
            "version": "==1.0.9"
        },
        "kiwisolver": {
            "hashes": [
                "sha256:0ee4ed8b3ae8f5f712b0aa9ebd2858b5b232f1b9a96b0943dceb34df2a223bc3",
                "sha256:0f7f532f3c94e99545a29f4c3f05637f4d2713e7fd91b4dd8abfc18340b86cd5",
                "sha256:1a078f5dd7e99317098f0e0d490257fd0349d79363e8c923d5bb76428f318421",
                "sha256:1aa0b55a0eb1bd3fa82e704f44fb8f16e26702af1a073cc5030eea399e617b56",
                "sha256:2874060b91e131ceeff00574b7c2140749c9355817a4ed498e82a4ffa308ecbc",
                "sha256:379d97783ba8d2934d52221c833407f20ca287b36d949b4bba6c75274bcf6363",
                "sha256:3b791ddf2aefc56382aadc26ea5b352e86a2921e4e85c31c1f770f527eb06ce4",
                "sha256:4329008a167fac233e398e8a600d1b91539dc33c5a3eadee84c0d4b04d4494fa",
                "sha256:45813e0873bbb679334a161b28cb9606d9665e70561fd6caa8863e279b5e464b",
                "sha256:53a5b27e6b5717bdc0125338a822605084054c80f382051fb945d2c0e6899a20",
                "sha256:574f24b9805cb1c72d02b9f7749aa0cc0b81aa82571be5201aa1453190390ae5",
                "sha256:66f82819ff47fa67a11540da96966fb9245504b7f496034f534b81cacf333861",
                "sha256:79e5fe3ccd5144ae80777e12973027bd2f4f5e3ae8eb286cabe787bed9780138",
                "sha256:83410258eb886f3456714eea4d4304db3a1fc8624623fc3f38a487ab36c0f653",
                "sha256:8b6a7b596ce1d2a6d93c3562f1178ebd3b7bb445b3b0dd33b09f9255e312a965",
                "sha256:9576cb63897fbfa69df60f994082c3f4b8e6adb49cccb60efb2a80a208e6f996",
                "sha256:95a25d9f3449046ecbe9065be8f8380c03c56081bc5d41fe0fb964aaa30b2195",
                "sha256:a424f048bebc4476620e77f3e4d1f282920cef9bc376ba16d0b8fe97eec87cde",
                "sha256:aaec1cfd94f4f3e9a25e144d5b0ed1eb8a9596ec36d7318a504d813412563a85",
                "sha256:acb673eecbae089ea3be3dcf75bfe45fc8d4dcdc951e27d8691887963cf421c7",
                "sha256:b15bc8d2c2848a4a7c04f76c9b3dc3561e95d4dabc6b4f24bfabe5fd81a0b14f",
                "sha256:b1c240d565e977d80c0083404c01e4d59c5772c977fae2c483f100567f50847b",
                "sha256:c595693de998461bcd49b8d20568c8870b3209b8ea323b2a7b0ea86d85864694",
                "sha256:ce3be5d520b4d2c3e5eeb4cd2ef62b9b9ab8ac6b6fedbaa0e39cdb6f50644278",
                "sha256:e0f910f84b35c36a3513b96d816e6442ae138862257ae18a0019d2fc67b041dc",
                "sha256:ea36e19ac0a483eea239320aef0bd40702404ff8c7e42179a2d9d36c5afcb55c",
                "sha256:efabbcd4f406b532206b8801058c8bab9e79645b9880329253ae3322b7b02cd5",
                "sha256:f923406e6b32c86309261b8195e24e18b6a8801df0cfc7814ac44017bfcb3939"
            ],
            "version": "==1.0.1"
        },
        "markdown": {
            "hashes": [
                "sha256:fc4a6f69a656b8d858d7503bda633f4dd63c2d70cf80abdc6eafa64c4ae8c250",
                "sha256:fe463ff51e679377e3624984c829022e2cfb3be5518726b06f608a07a3aad680"
            ],
            "version": "==3.1"
        },
        "matplotlib": {
            "hashes": [
                "sha256:1ae6549976b6ceb6ee426272a28c0fc9715b3e3669694d560c8f661c5b39e2c5",
                "sha256:4d4250bf508dd07cca3b43888097f873cadb66eec6ac63dbbfb798798ec07af2",
                "sha256:53af2e01d7f1700ed2b64a9091bc865360c9c4032f625451c4589a826854c787",
                "sha256:63e498067d32d627111cd1162cae1621f1221f9d4c6a9745dd7233f29de581b6",
                "sha256:7169a34971e398dd58e87e173f97366fd88a3fa80852704530433eb224a8ca57",
                "sha256:91c54d6bb9eeaaff965656c5ea6cbdcbf780bad8462ac99b30b451548194746f",
                "sha256:aeef177647bb3fccfe09065481989d7dfc5ac59e9367d6a00a3481062cf651e4",
                "sha256:cf8ae10559a78aee0409ede1e9d4fda03895433eeafe609dd9ed67e45f552db0",
                "sha256:d51d0889d1c4d51c51a9822265c0494ea3e70a52bdd88358e0863daca46fa23a",
                "sha256:de5ccd3500247f85fe4f9fad90f80a8bd397e4f110a4c33fabf95f07403e8372",
                "sha256:e1d33589e32f482d0a7d1957bf473d43341115d40d33f578dad44432e47df7b7",
                "sha256:e8d1939262aa6b36d0c51f50a50a43a04b9618d20db31e6c0192b1463067aeef",
                "sha256:e918d51b1fda82a65fdf52d2f3914b2246481cc2a9cd10e223e6be6078916ff3"
            ],
            "version": "==3.0.3"
        },
        "mock": {
            "hashes": [
                "sha256:5ce3c71c5545b472da17b72268978914d0252980348636840bd34a00b5cc96c1",
                "sha256:b158b6df76edd239b8208d481dc46b6afd45a846b7812ff0ce58971cf5bc8bba"
            ],
            "version": "==2.0.0"
        },
        "networkx": {
            "hashes": [
                "sha256:45e56f7ab6fe81652fb4bc9f44faddb0e9025f469f602df14e3b2551c2ea5c8b"
            ],
            "version": "==2.2"
        },
        "numpy": {
            "hashes": [
                "sha256:1980f8d84548d74921685f68096911585fee393975f53797614b34d4f409b6da",
                "sha256:22752cd809272671b273bb86df0f505f505a12368a3a5fc0aa811c7ece4dfd5c",
                "sha256:23cc40313036cffd5d1873ef3ce2e949bdee0646c5d6f375bf7ee4f368db2511",
                "sha256:2b0b118ff547fecabc247a2668f48f48b3b1f7d63676ebc5be7352a5fd9e85a5",
                "sha256:3a0bd1edf64f6a911427b608a894111f9fcdb25284f724016f34a84c9a3a6ea9",
                "sha256:3f25f6c7b0d000017e5ac55977a3999b0b1a74491eacb3c1aa716f0e01f6dcd1",
                "sha256:4061c79ac2230594a7419151028e808239450e676c39e58302ad296232e3c2e8",
                "sha256:560ceaa24f971ab37dede7ba030fc5d8fa173305d94365f814d9523ffd5d5916",
                "sha256:62be044cd58da2a947b7e7b2252a10b42920df9520fc3d39f5c4c70d5460b8ba",
                "sha256:6c692e3879dde0b67a9dc78f9bfb6f61c666b4562fd8619632d7043fb5b691b0",
                "sha256:6f65e37b5a331df950ef6ff03bd4136b3c0bbcf44d4b8e99135d68a537711b5a",
                "sha256:7a78cc4ddb253a55971115f8320a7ce28fd23a065fc33166d601f51760eecfa9",
                "sha256:80a41edf64a3626e729a62df7dd278474fc1726836552b67a8c6396fd7e86760",
                "sha256:893f4d75255f25a7b8516feb5766c6b63c54780323b9bd4bc51cdd7efc943c73",
                "sha256:972ea92f9c1b54cc1c1a3d8508e326c0114aaf0f34996772a30f3f52b73b942f",
                "sha256:9f1d4865436f794accdabadc57a8395bd3faa755449b4f65b88b7df65ae05f89",
                "sha256:9f4cd7832b35e736b739be03b55875706c8c3e5fe334a06210f1a61e5c2c8ca5",
                "sha256:adab43bf657488300d3aeeb8030d7f024fcc86e3a9b8848741ea2ea903e56610",
                "sha256:bd2834d496ba9b1bdda3a6cf3de4dc0d4a0e7be306335940402ec95132ad063d",
                "sha256:d20c0360940f30003a23c0adae2fe50a0a04f3e48dc05c298493b51fd6280197",
                "sha256:d3b3ed87061d2314ff3659bb73896e622252da52558f2380f12c421fbdee3d89",
                "sha256:dc235bf29a406dfda5790d01b998a1c01d7d37f449128c0b1b7d1c89a84fae8b",
                "sha256:fb3c83554f39f48f3fa3123b9c24aecf681b1c289f9334f8215c1d3c8e2f6e5b"
            ],
            "index": "pypi",
            "version": "==1.16.2"
        },
        "opencv-python": {
            "hashes": [
                "sha256:01de7e31c9c729e83265790551f543bf3f7b3058f279463636ca1fd11b9c7042",
                "sha256:081a3ae96eca8679e9e3a4387fac4e7e620e70ac2d97e9b8ca02db3bb2499de9",
                "sha256:1baabb48210551de06b43be1351dabde12180c0ddb206995fb9045e6b869eb7c",
                "sha256:1f4147b16ff1d464816d8126846abd13bfea9905f9cbadc64b87aa5c6f81a783",
                "sha256:2093a7de4770a750c155bcb9602a5e3ae99758b242242b021e5c821ecb7552ca",
                "sha256:2b7b04decfcf2225afbcc62604914a34822b9b1037ce1d36f3ea9556a37114f9",
                "sha256:3bbdd4dc19b4ea8b2fa30398388fb15aa57dc0bbf127a0dd220c1f9dc907f698",
                "sha256:405ce1944496e7fa40302d79e21b8ad11f9c0e09ffc359a4634b39a610105b25",
                "sha256:4618972eb519b98e5d77d146268c091b841a53a5d74fdf52d627d3ccd7b1d485",
                "sha256:49634f435a9576607002cd67c709f0f1c5e369d7b80d22cf94b9f4991765cd5b",
                "sha256:6a95916b955ba4c2e8b104f297f0c8c85b6cd1f1cd20fcdc24a6392177f80a76",
                "sha256:6afa8fb928517ca3fa96f70cb84c551baf1765339d5b454a9170f7b0cf7c02e2",
                "sha256:7da9fd925d760900fa6c35a03f954653e4163e7fc9ed2c1a5cc01c09c43d0692",
                "sha256:7ff7537dc115694d671f5ad8fb1c1fc27648397d96142d72773ad27cc1cc884f",
                "sha256:944dcba10d9ad111b421c792339386d5481dee3e78b18ad4ab02909f07f168f0",
                "sha256:9c0388056e545c2f72493a8003ba3522d32428e834bc7ea3144a486160aa2da6",
                "sha256:a63d01b8676b0ab9b44098db181cbd629a5f34e4196e583f31992ec72c064960",
                "sha256:ad3c7a362d8daf9a703952be113b1be446c9a95ac7c59a9905fa2374b3f950bf",
                "sha256:cccf4ed38e6780adf5c37f4d71f5ec322720489e80f193bd91e7b29282c67845",
                "sha256:e45aed0616e5c111df99410c3f8ac80aeef948b6e0dfe5fed7cec8fcfb61deed",
                "sha256:ee9bc21d03f8e2d045ee63aceafa498e1552560b7a9e6f15dfc642cb9df846a1",
                "sha256:ef532786d3ff7659ca79c86e41575031f6b4bd747194e2130a437c613cd11ebd",
                "sha256:f50717703a67f7e50be6967e040d7f95d8b5b248a642139d68c0914d39691782",
                "sha256:f7c298054578c5d8154a73953e3ab763d288698bf75da6b70060db0a34a2ea83",
                "sha256:fde32c080225c0d4f3d6aabf6a7af2f963795aee3d7f65bb141e60e230461af8",
                "sha256:fe52d2701a3b8149eb414bc7fdf75d81bb0351447509f76ac29c43f374f42153"
            ],
            "index": "pypi",
            "version": "==4.0.1.24"
        },
        "pbr": {
            "hashes": [
                "sha256:8257baf496c8522437e8a6cfe0f15e00aedc6c0e0e7c9d55eeeeab31e0853843",
                "sha256:8c361cc353d988e4f5b998555c88098b9d5964c2e11acf7b0d21925a66bb5824"
            ],
            "version": "==5.1.3"
        },
        "pillow": {
            "hashes": [
                "sha256:15c056bfa284c30a7f265a41ac4cbbc93bdbfc0dfe0613b9cb8a8581b51a9e55",
                "sha256:1a4e06ba4f74494ea0c58c24de2bb752818e9d504474ec95b0aa94f6b0a7e479",
                "sha256:1c3c707c76be43c9e99cb7e3d5f1bee1c8e5be8b8a2a5eeee665efbf8ddde91a",
                "sha256:1fd0b290203e3b0882d9605d807b03c0f47e3440f97824586c173eca0aadd99d",
                "sha256:24114e4a6e1870c5a24b1da8f60d0ba77a0b4027907860188ea82bd3508c80eb",
                "sha256:258d886a49b6b058cd7abb0ab4b2b85ce78669a857398e83e8b8e28b317b5abb",
                "sha256:33c79b6dd6bc7f65079ab9ca5bebffb5f5d1141c689c9c6a7855776d1b09b7e8",
                "sha256:367385fc797b2c31564c427430c7a8630db1a00bd040555dfc1d5c52e39fcd72",
                "sha256:3c1884ff078fb8bf5f63d7d86921838b82ed4a7d0c027add773c2f38b3168754",
                "sha256:44e5240e8f4f8861d748f2a58b3f04daadab5e22bfec896bf5434745f788f33f",
                "sha256:46aa988e15f3ea72dddd81afe3839437b755fffddb5e173886f11460be909dce",
                "sha256:74d90d499c9c736d52dd6d9b7221af5665b9c04f1767e35f5dd8694324bd4601",
                "sha256:809c0a2ce9032cbcd7b5313f71af4bdc5c8c771cb86eb7559afd954cab82ebb5",
                "sha256:85d1ef2cdafd5507c4221d201aaf62fc9276f8b0f71bd3933363e62a33abc734",
                "sha256:8c3889c7681af77ecfa4431cd42a2885d093ecb811e81fbe5e203abc07e0995b",
                "sha256:9218d81b9fca98d2c47d35d688a0cea0c42fd473159dfd5612dcb0483c63e40b",
                "sha256:9aa4f3827992288edd37c9df345783a69ef58bd20cc02e64b36e44bcd157bbf1",
                "sha256:9d80f44137a70b6f84c750d11019a3419f409c944526a95219bea0ac31f4dd91",
                "sha256:b7ebd36128a2fe93991293f997e44be9286503c7530ace6a55b938b20be288d8",
                "sha256:c4c78e2c71c257c136cdd43869fd3d5e34fc2162dc22e4a5406b0ebe86958239",
                "sha256:c6a842537f887be1fe115d8abb5daa9bc8cc124e455ff995830cc785624a97af",
                "sha256:cf0a2e040fdf5a6d95f4c286c6ef1df6b36c218b528c8a9158ec2452a804b9b8",
                "sha256:cfd28aad6fc61f7a5d4ee556a997dc6e5555d9381d1390c00ecaf984d57e4232",
                "sha256:dca5660e25932771460d4688ccbb515677caaf8595f3f3240ec16c117deff89a",
                "sha256:de7aedc85918c2f887886442e50f52c1b93545606317956d65f342bd81cb4fc3",
                "sha256:e6c0bbf8e277b74196e3140c35f9a1ae3eafd818f7f2d3a15819c49135d6c062"
            ],
            "version": "==6.0.0"
        },
        "protobuf": {
            "hashes": [
                "sha256:21e395d7959551e759d604940a115c51c6347d90a475c9baf471a1a86b5604a9",
                "sha256:57e05e16955aee9e6a0389fcbd58d8289dd2420e47df1a1096b3a232c26eb2dd",
                "sha256:67819e8e48a74c68d87f25cad9f40edfe2faf278cdba5ca73173211b9213b8c9",
                "sha256:75da7d43a2c8a13b0bc7238ab3c8ae217cbfd5979d33b01e98e1f78defb2d060",
                "sha256:78e08371e236f193ce947712c072542ff19d0043ab5318c2ea46bbc2aaebdca6",
                "sha256:7ee5b595db5abb0096e8c4755e69c20dfad38b2d0bcc9bc7bafc652d2496b471",
                "sha256:86260ecfe7a66c0e9d82d2c61f86a14aa974d340d159b829b26f35f710f615db",
                "sha256:92c77db4bd33ea4ee5f15152a835273f2338a5246b2cbb84bab5d0d7f6e9ba94",
                "sha256:9c7b90943e0e188394b4f068926a759e3b4f63738190d1ab3d500d53b9ce7614",
                "sha256:a77f217ea50b2542bae5b318f7acee50d9fc8c95dd6d3656eaeff646f7cab5ee",
                "sha256:ad589ed1d1f83db22df867b10e01fe445516a5a4d7cfa37fe3590a5f6cfc508b",
                "sha256:b06a794901bf573f4b2af87e6139e5cd36ac7c91ac85d7ae3fe5b5f6fc317513",
                "sha256:bd8592cc5f8b4371d0bad92543370d4658dc41a5ccaaf105597eb5524c616291",
                "sha256:be48e5a6248a928ec43adf2bea037073e5da692c0b3c10b34f9904793bd63138",
                "sha256:cc5eb13f5ccc4b1b642cc147c2cdd121a34278b341c7a4d79e91182fff425836",
                "sha256:cd3b0e0ad69b74ee55e7c321f52a98effed2b4f4cc9a10f3683d869de00590d5",
                "sha256:d6e88c4920660aa75c0c2c4b53407aef5efd9a6e0ca7d2fc84d79aba2ccbda3a",
                "sha256:ec3c49b6d247152e19110c3a53d9bb4cf917747882017f70796460728b02722e"
            ],
            "version": "==3.7.1"
        },
        "pyopengl": {
            "hashes": [
                "sha256:9b47c5c3a094fa518ca88aeed35ae75834d53e4285512c61879f67a48c94ddaf",
                "sha256:efa4e39a49b906ccbe66758812ca81ced13a6f26931ab2ba2dba2750c016c0d0"
            ],
            "version": "==3.1.0"
        },
        "pyparsing": {
            "hashes": [
                "sha256:1873c03321fc118f4e9746baf201ff990ceb915f433f23b395f5580d1840cb2a",
                "sha256:9b6323ef4ab914af344ba97510e966d64ba91055d6b9afa6b30799340e89cc03"
            ],
            "version": "==2.4.0"
        },
        "pypyrtools": {
            "hashes": [
                "sha256:e629c0b82758a7e80dd536f11afdef47bc2cce75df58f7e034dca3a1b2c7019b"
            ],
            "index": "pypi",
            "version": "==0.2.3"
        },
        "pyqt5": {
            "hashes": [
                "sha256:020e8771ad66429587d3db6cceb028be3435e2c65f417dcc8e3b3e644b6ab1d7",
                "sha256:399fd9c3b3786210d9d2a86bc73255cc03c997b454480b7c0daf3e1a09e1ab58",
                "sha256:c0565737d1d5fd40a7e14b6692bfec1f1e1f0be082ae70d1776c44561980e3c4",
                "sha256:d4e88208dfd017636e4b1f407990d0c3b6cf47afed6be4f2fb6ca887ef513e4b"
            ],
            "index": "pypi",
            "version": "==5.12.1"
        },
        "pyqt5-sip": {
            "hashes": [
                "sha256:0aed4266e52f4d11947439d9df8c57d4578e92258ad0d70645f9f69b627b35c7",
                "sha256:15750a4a3718c68ba662eede7310612aedad70c9727497908bf2eeddd255d16f",
                "sha256:2071265b7a603354b624b6cfae4ea032719e341799fb925961fd192f328fd203",
                "sha256:31a59f76168df007b480b9382256c20f8898c642e1394df2990559f0f6389f66",
                "sha256:39ce455bf5be5c1b20db10d840a536f70c3454be3baa7adca22f67ed90507853",
                "sha256:5d8a4b8e75fa6c9f837ea92793f1aeacbf3929f1d11cdf36f9604c1876182aca",
                "sha256:6bf9bacac776257390dd3f8a703d12c8228e4eb1aa0b191f1550965f44e4c23a",
                "sha256:87a76841e07e6dae5df34dded427708b5ea8d605c017e0bb6e56a7354959271e",
                "sha256:9f0ad4198f2657da9d59a393c266959362c517445cace842051e5ad564fa8fb0",
                "sha256:cbb0f24e3bfa1403bf3a05f30066d4457509aa411d6c6823d02b0508b787b8ea",
                "sha256:d38d379fa4f5c86a8ea92b8fab42748f37de093d21a25c34b2339eb2764ee5d5",
                "sha256:f24413d34707525a0fe1448b9574089242b9baa7c604ae5714abef9ad1749839"
            ],
            "version": "==4.19.15"
        },
        "python-dateutil": {
            "hashes": [
                "sha256:7e6584c74aeed623791615e26efd690f29817a27c73085b78e4bad02493df2fb",
                "sha256:c89805f6f4d64db21ed966fda138f8a5ed7a4fdbc1a8ee329ce1b74e3c74da9e"
            ],
            "version": "==2.8.0"
        },
        "pyvideoquality": {
            "editable": true,
            "git": "https://github.com/OhmGeek/video-quality.git",
            "ref": "599722803357476ba9a19825c25c7d9ed85841d5"
        },
        "pywavelets": {
            "hashes": [
                "sha256:18b193b67937e805a8e79c036bd2aa4ea3a357737256efeefdabd19c95083c3b",
                "sha256:1d7ba03baa81938b17d4819db36f018e680d929af329062af4d4b6d6236d02ba",
                "sha256:21f39d86cc35e003576fc1400b15534e2999570418fcdb17ea62d1ff8773b076",
                "sha256:250412f482d5cb358b7ec323b2a783d91e5cfc337fdf8fde3c59bf2c35d6366f",
                "sha256:25c0c592bf43eaffb4d3c6b6444b14c7407db750b6f2d344d809d4af934319d9",
                "sha256:2f2cdd96e4882b0c18e75cc90c4710de429ac226ce53b58a90c7420e3e307631",
                "sha256:3abed8dcd3e94ead72ee8010b494df5a9bdbdd5e39129d52fbf8066efa323a51",
                "sha256:3e99ab8feeb47755738fb8deb8154c9604c4a7996b1b7db6b090475105ca7c92",
                "sha256:64926c4c78dd690ec0d61be20f7c27cfbde6de9fa66ab8205eb079d9db6927fc",
                "sha256:687ec8877c10e3a03595ad167d1ea2662bc1ab13ef43d63a6e207a53b2ee4c26",
                "sha256:6af0077c7a4c9935aa64301f6942468b494656b8812e801d4a635cf42088f96c",
                "sha256:7215856a5d2e1a2dccca1f71d912ee6a7387086f3b3adcb55d7c41314c6abb0c",
                "sha256:9e47b241533add77961093b1e40cfff031597d429e91ad7c675838be0f7cc0df",
                "sha256:9e782f49dca57bc0fd2a40c0917949d77be2ecc999ccd44fff57fb10aa214135",
                "sha256:a12c7a6258c0015d2c75d88b87393ee015494551f049009e8b63eafed2d78efc",
                "sha256:a5027d47484498e70391b311a2688c4f74294de629b982ed17be57be4c77ade7",
                "sha256:ab02363467ee3cb222c5b425bc53453270ddae72bce313e72fd14616692d725a",
                "sha256:adc79308c65a2007bdbd5846fda70088e7ead0ef0a5a6f44d08829e9478a907f",
                "sha256:afaaee392450785a346d9e5e5f6e5307b13958d8b0633818632cb38972a7752a",
                "sha256:b26b836c7f71df7b2779e62d1338367cfe37b98324e9b0d54b428ac030e3d1f0",
                "sha256:b9adbc27d70a2626c235a18b41315de2832c384651d03383db7a58c2a2bccc6f",
                "sha256:bd6e62efb7839fd6bf894b7b9aec6d58be0c44a38ea0c9f3c5bea834d84d05eb",
                "sha256:de083a3a71576a9c3d8ba73b6f0425e4690d6ac6e480562f30bec5cb20667324",
                "sha256:e89551257233a3da717a9e6e2e303243df75faffe0b6781d21c15eb9d682ec6d",
                "sha256:eafb7d609c41a04028144f4b6697792f448554960ef353244aaf0a5883263543",
                "sha256:fb3ee9f65d25ee5c89104e533d5f341c253cdb9543ef6fcd6dfa599b12e84f1c"
            ],
            "index": "pypi",
            "version": "==1.0.3"
        },
        "pyyaml": {
            "hashes": [
                "sha256:1adecc22f88d38052fb787d959f003811ca858b799590a5eaa70e63dca50308c",
                "sha256:436bc774ecf7c103814098159fbb84c2715d25980175292c648f2da143909f95",
                "sha256:460a5a4248763f6f37ea225d19d5c205677d8d525f6a83357ca622ed541830c2",
                "sha256:5a22a9c84653debfbf198d02fe592c176ea548cccce47553f35f466e15cf2fd4",
                "sha256:7a5d3f26b89d688db27822343dfa25c599627bc92093e788956372285c6298ad",
                "sha256:9372b04a02080752d9e6f990179a4ab840227c6e2ce15b95e1278456664cf2ba",
                "sha256:a5dcbebee834eaddf3fa7366316b880ff4062e4bcc9787b78c7fbb4a26ff2dd1",
                "sha256:aee5bab92a176e7cd034e57f46e9df9a9862a71f8f37cad167c6fc74c65f5b4e",
                "sha256:c51f642898c0bacd335fc119da60baae0824f2cde95b0330b56c0553439f0673",
                "sha256:c68ea4d3ba1705da1e0d85da6684ac657912679a649e8868bd850d2c299cce13",
                "sha256:e23d0cc5299223dcc37885dae624f382297717e459ea24053709675a976a3e19"
            ],
            "version": "==5.1"
        },
        "scikit-image": {
            "hashes": [
                "sha256:0fb4f61ba28e7034dc490b7fd37a35428493cc1180205991aea41ab78c1a3b2a",
                "sha256:117244d206f014fcdc7fd3b03dc25ffd3c32be49c5103b916dadcf3c268ce629",
                "sha256:2dee5c19893bbfebeb30c2edd47e3092d84fe671e1278c8e1b8ab0b541b88590",
                "sha256:2edf2189a89d68e7909bfe939f6f9978d4807c4c2c6464b9d23944171272efe5",
                "sha256:56f8ec5106c1b6037f25395eb6a2c29cbbb1baa9d8cedb48a6488a697f9e0c02",
                "sha256:5c24501fbe0000bf215418ced56fc718ae5bbd004df7dc460fd3fb095385dec5",
                "sha256:6665b00b649237171eb0c34ec7d2c5ee96f51cc826edf1b70654fc05fddec7a8",
                "sha256:676838be922fdc7c65a1bfa71409b382874d60e2a7a0c968fe832f63b485842d",
                "sha256:6b8697a52e1e3c2663f74a0a972cc601d2ceb5b3299cc9be3c3b6ac41d76d238",
                "sha256:91208ff13381ccbacce8a38a771e9d9d8982dce146581bcf6656aa8fd05d06ea",
                "sha256:a8fb7dc56b14656768fdf21d4325bf82f543fad51dc83c24aa6a27456a946a2d",
                "sha256:bea86976ab9b7bebca43721b3ff8fd74a002e1fd95e7600987cd42664fde8a39",
                "sha256:ce9354571e1323ed98251723a7e5ffb3526ddd3b533a27aaca4ebd13ed479c56",
                "sha256:df111e654b47e5ea456c50553debe4c5ddd97258894c7ad3b7f2f9f10798e053",
                "sha256:ed6d2dbb54a68b200df8783fcb17c406ece20420c8c86508ab0f5966e8631da5",
                "sha256:f0491621a6b1d2828d47acaf41d3167a647eaae44ef8fcf83b72eb3e1cc7ac51"
            ],
            "index": "pypi",
            "version": "==0.15.0"
        },
        "scikit-learn": {
            "hashes": [
                "sha256:018f470a7e685767d84ce6fac87af59e064e87ec3cea71eaf12646f9538e293d",
                "sha256:0ae00d570331b8a5c552f721167818b4739a5c855fbc76b11231ccdea2dd26ab",
                "sha256:13079520dd8211967d1871e439b59818d335439672818e9683847091d0e07778",
                "sha256:1c133749a526b33af2b6695d94d2cc43ba212c5aa7bd3a45619335556ced7637",
                "sha256:382e7053567b7b11e862782e3de2940e2141be24e6262aa0b4a9cb7fdd61f85a",
                "sha256:384df81fdba12d21063072f2cf472a7a8425a3d4fa3915faef0a88e94e07b332",
                "sha256:4705073de7bbcc6b9cd2f24dc9189aa8d3935e8621d3e65546c4b7fee9a042bf",
                "sha256:4f829d6c09b997e1d0a998f970cf3ff82cd6796d56148c63c29174367878d490",
                "sha256:51a933224b1b11986d4c7c123e5b28eb69602899d0179e6888b7abf2ffc85265",
                "sha256:63ad98c6512b52aebde9bd806ec1127e13e2a8d42a00ebdf805153819f7c2cad",
                "sha256:67e15514c9df4c5354b3ecc89451f5baa0f1b62c7ed68f4d20febf9c9d9e17a6",
                "sha256:75f0e0e93851b30639baabfc1a4433aabc57eef269d55ee4c6f649fb60686218",
                "sha256:89609708e819342dd5c94617fd53a36187d7d6a80435ddb282f6a60b058dbe77",
                "sha256:8ca274d4e91685e4547af718b6f1e9a9d4912c7a6dcb0c68925de84f81a09d2a",
                "sha256:9987f3d31efc427ebf9926f703e5171552cfb3b6935f880e4f0d3a17b7f91540",
                "sha256:9f3e08dbd3f2f574913faba9b48d3c24a43fcc0eb14a0e962431005434b9cfe6",
                "sha256:a7a403bcea250cac37971058fca0c30b0144737a375f99d3855e5e7a34c43348",
                "sha256:ad7e4e823db1271d344e0c3ce0988b2e0fecc49079eec9c818d866c38b2824bd",
                "sha256:b1e9037a582e650d866324a50d2741724ea5f6c175200bef0b549d014898035a",
                "sha256:b82fbd8843ead2640158b2c0946d354b66f3d49472e6790d70c4ceec35663b3f",
                "sha256:b91c82bfd25145d428de99429de97d7a1c2c2658c212689fe2839b29a5251159",
                "sha256:ba57b73ec7074f60bb85f953296df437784d560553d0cc04b253c43f1846ccad",
                "sha256:c503802a81de18b8b4d40d069f5e363795ee44b1605f38bc104160ca3bfe2c41",
                "sha256:d30e8e0dffbc299533f47044fec26c5087473cb29cf51f1995986ac8354c7b4c",
                "sha256:d89b810bfb0e16a0de7f18773849bdf83dd7fd0614ae5225e5a9214cdb9be245",
                "sha256:e22e1d47def2944ad7a12c09452de085587ec5baad2174683e56a42b6918a76f",
                "sha256:f650ddc023c95681fccd5e297820f35de039e008265040c08188be95b3275a0f",
                "sha256:f7d4b3885ad1a7a6f07719ab6b1790d9892d6d41d973e8d4543a93bb15226fb4"
            ],
            "version": "==0.20.3"
        },
        "scipy": {
            "hashes": [
                "sha256:014cb900c003b5ac81a53f2403294e8ecf37aedc315b59a6b9370dce0aa7627a",
                "sha256:281a34da34a5e0de42d26aed692ab710141cad9d5d218b20643a9cb538ace976",
                "sha256:588f9cc4bfab04c45fbd19c1354b5ade377a8124d6151d511c83730a9b6b2338",
                "sha256:5a10661accd36b6e2e8855addcf3d675d6222006a15795420a39c040362def66",
                "sha256:628f60be272512ca1123524969649a8cb5ae8b31cca349f7c6f8903daf9034d7",
                "sha256:6dcc43a88e25b815c2dea1c6fac7339779fc988f5df8396e1de01610604a7c38",
                "sha256:70e37cec0ac0fe95c85b74ca4e0620169590fd5d3f44765f3c3a532cedb0e5fd",
                "sha256:7274735fb6fb5d67d3789ddec2cd53ed6362539b41aa6cc0d33a06c003aaa390",
                "sha256:78e12972e144da47326958ac40c2bd1c1cca908edc8b01c26a36f9ffd3dce466",
                "sha256:790cbd3c8d09f3a6d9c47c4558841e25bac34eb7a0864a9def8f26be0b8706af",
                "sha256:79792c8fe8e9d06ebc50fe23266522c8c89f20aa94ac8e80472917ecdce1e5ba",
                "sha256:865afedf35aaef6df6344bee0de391ee5e99d6e802950a237f9fb9b13e441f91",
                "sha256:870fd401ec7b64a895cff8e206ee16569158db00254b2f7157b4c9a5db72c722",
                "sha256:963815c226b29b0176d5e3d37fc9de46e2778ce4636a5a7af11a48122ef2577c",
                "sha256:9726791484f08e394af0b59eb80489ad94d0a53bbb58ab1837dcad4d58489863",
                "sha256:9de84a71bb7979aa8c089c4fb0ea0e2ed3917df3fb2a287a41aaea54bbad7f5d",
                "sha256:b2c324ddc5d6dbd3f13680ad16a29425841876a84a1de23a984236d1afff4fa6",
                "sha256:b86ae13c597fca087cb8c193870507c8916cefb21e52e1897da320b5a35075e5",
                "sha256:ba0488d4dbba2af5bf9596b849873102d612e49a118c512d9d302ceafa36e01a",
                "sha256:d78702af4102a3a4e23bb7372cec283e78f32f5573d92091aa6aaba870370fe1",
                "sha256:def0e5d681dd3eb562b059d355ae8bebe27f5cc455ab7c2b6655586b63d3a8ea",
                "sha256:e085d1babcb419bbe58e2e805ac61924dac4ca45a07c9fa081144739e500aa3c",
                "sha256:e2cfcbab37c082a5087aba5ff00209999053260441caadd4f0e8f4c2d6b72088",
                "sha256:e742f1f5dcaf222e8471c37ee3d1fd561568a16bb52e031c25674ff1cf9702d5",
                "sha256:f06819b028b8ef9010281e74c59cb35483933583043091ed6b261bb1540f11cc",
                "sha256:f15f2d60a11c306de7700ee9f65df7e9e463848dbea9c8051e293b704038da60",
                "sha256:f31338ee269d201abe76083a990905473987371ff6f3fdb76a3f9073a361cf37",
                "sha256:f6b88c8d302c3dac8dff7766955e38d670c82e0d79edfc7eae47d6bb2c186594"
            ],
            "version": "==1.2.1"
        },
        "six": {
            "hashes": [
                "sha256:3350809f0555b11f552448330d0b52d5f24c91a322ea4a15ef22629740f3761c",
                "sha256:d16a0141ec1a18405cd4ce8b4613101da75da0e9a7aec5bdd4fa804d0e0eba73"
            ],
            "version": "==1.12.0"
        },
        "sklearn": {
            "hashes": [
                "sha256:e23001573aa194b834122d2b9562459bf5ae494a2d59ca6b8aa22c85a44c0e31"
            ],
            "index": "pypi",
            "version": "==0.0"
        },
        "tensorboard": {
            "hashes": [
                "sha256:53d8f40589c903dae65f39a799c2bc49defae3703754984d90613d26ebd714a4",
                "sha256:b664fe7772be5670d8b04200342e681af7795a12cd752709aed565c06c0cc196"
            ],
            "version": "==1.13.1"
        },
        "tensorflow": {
            "hashes": [
                "sha256:0de5887495c20e1130ae4d9bcfaf80cec87f579a9c27a84141a588a46e5aa853",
                "sha256:0f305f3c461ed2ce5e0b65fccc7b7452f483c7935dd8a52a466d622e642fdea8",
                "sha256:4325f20b5a703b80a5f7a8807f07ad8735025bd2a947093ffff1c26fbdc7980b",
                "sha256:4c86be0e476b64cedf4ffa059d71b764e75b895effb697345687e3057929a7b5",
                "sha256:6b0a0a413390302ce7c22c98695983d6fb8406861cfb418b25536f57a96c0b89",
                "sha256:77eec2351d0a9b5312ea01ee4c78c13996f249cf1bead2e68256a65e533f45ef",
                "sha256:87bf719a564f11d63e4f614e933e5a612dd4e67c88266b774236e0982f5fcf69",
                "sha256:ba29e66331cd2a8f824e0fa937ce44bd624bc37739f2f083694e473051d89ace",
                "sha256:bc374f5a662b6e164cd1c4da61ccc752ec208a44893d2f9dcf47d2a0a2cef311",
                "sha256:bcf86966b7554e407bb7d73341f2e108df62a910d40b4cd2a914867f2a5de51c",
                "sha256:c3abffd51c168cfd62a557243c47a29ab48deb52a64465e6818060f20755ddb4",
                "sha256:c41862c65628261229db22e33f9e570d845eeb5cea66dcbaebe404405edaa69b",
                "sha256:d7341617aedd73c2c847755e87697e9c19eb625c73da26d6cd669220c5565119",
                "sha256:de0425b58cb34006e4500565239b4c3a3055b95bff132f097fa46c87d8e463c9",
                "sha256:f21fb65c8e874f40c654bc9b3ff3db3ec26f98f03fe64a541bc768f6f5c52ac2"
            ],
            "index": "pypi",
            "version": "==1.13.1"
        },
        "tensorflow-estimator": {
            "hashes": [
                "sha256:7cfdaa3e83e3532f31713713feb98be7ea9f3065722be4267e49b6c301271419"
            ],
            "version": "==1.13.0"
        },
        "termcolor": {
            "hashes": [
                "sha256:1d6d69ce66211143803fbc56652b41d73b4a400a2891d7bf7a1cdf4c02de613b"
            ],
            "version": "==1.1.0"
        },
        "visvis": {
            "hashes": [
                "sha256:800bbbae43bcf411ece9256e54c7a7f4e9601f5184b580b738e4f503d2f1579d"
            ],
            "index": "pypi",
            "version": "==1.11.2"
        },
        "werkzeug": {
            "hashes": [
                "sha256:0a73e8bb2ff2feecfc5d56e6f458f5b99290ef34f565ffb2665801ff7de6af7a",
                "sha256:7fad9770a8778f9576693f0cc29c7dcc36964df916b83734f4431c0e612a7fbc"
            ],
            "version": "==0.15.2"
        },
        "wheel": {
            "hashes": [
                "sha256:66a8fd76f28977bb664b098372daef2b27f60dc4d1688cfab7b37a09448f0e9d",
                "sha256:8eb4a788b3aec8abf5ff68d4165441bc57420c9f64ca5f471f58c3969fe08668"
            ],
            "markers": "python_version >= '3'",
            "version": "==0.33.1"
        }
    },
    "develop": {}
}
